// !$*UTF8*$!
{
	archiveVersion = 1;
	classes = {
	};
	objectVersion = 50;
	objects = {

/* Begin PBXBuildFile section */
		3B99188021296026001E39E5 /* AppDelegate.m in Sources */ = {isa = PBXBuildFile; fileRef = 3B99187F21296026001E39E5 /* AppDelegate.m */; };
		3B99188321296026001E39E5 /* ViewController.m in Sources */ = {isa = PBXBuildFile; fileRef = 3B99188221296026001E39E5 /* ViewController.m */; };
		3B99188621296026001E39E5 /* Main.storyboard in Resources */ = {isa = PBXBuildFile; fileRef = 3B99188421296026001E39E5 /* Main.storyboard */; };
		3B99188821296028001E39E5 /* Assets.xcassets in Resources */ = {isa = PBXBuildFile; fileRef = 3B99188721296028001E39E5 /* Assets.xcassets */; };
		3B99188B21296028001E39E5 /* LaunchScreen.storyboard in Resources */ = {isa = PBXBuildFile; fileRef = 3B99188921296028001E39E5 /* LaunchScreen.storyboard */; };
		3B99188E21296028001E39E5 /* main.m in Sources */ = {isa = PBXBuildFile; fileRef = 3B99188D21296028001E39E5 /* main.m */; };
		3B991897212962E4001E39E5 /* LineChartView.swift in Sources */ = {isa = PBXBuildFile; fileRef = 3B991896212962E4001E39E5 /* LineChartView.swift */; };
		3B99189C21296455001E39E5 /* KlineInfo.m in Sources */ = {isa = PBXBuildFile; fileRef = 3B99189B21296455001E39E5 /* KlineInfo.m */; };
		8E25EE05FFCDEDEEB63DE287 /* Pods_Example_ObjC.framework in Frameworks */ = {isa = PBXBuildFile; fileRef = 264C297F1BD5BDEE7B7A493F /* Pods_Example_ObjC.framework */; };
/* End PBXBuildFile section */

/* Begin PBXFileReference section */
		264C297F1BD5BDEE7B7A493F /* Pods_Example_ObjC.framework */ = {isa = PBXFileReference; explicitFileType = wrapper.framework; includeInIndex = 0; path = Pods_Example_ObjC.framework; sourceTree = BUILT_PRODUCTS_DIR; };
		3B99187B21296026001E39E5 /* ExampleObjC.app */ = {isa = PBXFileReference; explicitFileType = wrapper.application; includeInIndex = 0; path = ExampleObjC.app; sourceTree = BUILT_PRODUCTS_DIR; };
		3B99187E21296026001E39E5 /* AppDelegate.h */ = {isa = PBXFileReference; lastKnownFileType = sourcecode.c.h; path = AppDelegate.h; sourceTree = "<group>"; };
		3B99187F21296026001E39E5 /* AppDelegate.m */ = {isa = PBXFileReference; lastKnownFileType = sourcecode.c.objc; path = AppDelegate.m; sourceTree = "<group>"; };
		3B99188121296026001E39E5 /* ViewController.h */ = {isa = PBXFileReference; lastKnownFileType = sourcecode.c.h; path = ViewController.h; sourceTree = "<group>"; };
		3B99188221296026001E39E5 /* ViewController.m */ = {isa = PBXFileReference; lastKnownFileType = sourcecode.c.objc; path = ViewController.m; sourceTree = "<group>"; };
		3B99188521296026001E39E5 /* Base */ = {isa = PBXFileReference; lastKnownFileType = file.storyboard; name = Base; path = Base.lproj/Main.storyboard; sourceTree = "<group>"; };
		3B99188721296028001E39E5 /* Assets.xcassets */ = {isa = PBXFileReference; lastKnownFileType = folder.assetcatalog; path = Assets.xcassets; sourceTree = "<group>"; };
		3B99188A21296028001E39E5 /* Base */ = {isa = PBXFileReference; lastKnownFileType = file.storyboard; name = Base; path = Base.lproj/LaunchScreen.storyboard; sourceTree = "<group>"; };
		3B99188C21296028001E39E5 /* Info.plist */ = {isa = PBXFileReference; lastKnownFileType = text.plist.xml; path = Info.plist; sourceTree = "<group>"; };
		3B99188D21296028001E39E5 /* main.m */ = {isa = PBXFileReference; lastKnownFileType = sourcecode.c.objc; path = main.m; sourceTree = "<group>"; };
		3B991895212962E3001E39E5 /* ExampleObjC-Bridging-Header.h */ = {isa = PBXFileReference; lastKnownFileType = sourcecode.c.h; path = "ExampleObjC-Bridging-Header.h"; sourceTree = "<group>"; };
		3B991896212962E4001E39E5 /* LineChartView.swift */ = {isa = PBXFileReference; lastKnownFileType = sourcecode.swift; path = LineChartView.swift; sourceTree = "<group>"; };
		3B99189A21296455001E39E5 /* KlineInfo.h */ = {isa = PBXFileReference; lastKnownFileType = sourcecode.c.h; path = KlineInfo.h; sourceTree = "<group>"; };
		3B99189B21296455001E39E5 /* KlineInfo.m */ = {isa = PBXFileReference; lastKnownFileType = sourcecode.c.objc; path = KlineInfo.m; sourceTree = "<group>"; };
		735A65525DFC40476E1FC677 /* Pods-Example-ObjC.release.xcconfig */ = {isa = PBXFileReference; includeInIndex = 1; lastKnownFileType = text.xcconfig; name = "Pods-Example-ObjC.release.xcconfig"; path = "Pods/Target Support Files/Pods-Example-ObjC/Pods-Example-ObjC.release.xcconfig"; sourceTree = "<group>"; };
		A5738FEDDFD11B6A3C1C1ECE /* Pods-Example-ObjC.debug.xcconfig */ = {isa = PBXFileReference; includeInIndex = 1; lastKnownFileType = text.xcconfig; name = "Pods-Example-ObjC.debug.xcconfig"; path = "Pods/Target Support Files/Pods-Example-ObjC/Pods-Example-ObjC.debug.xcconfig"; sourceTree = "<group>"; };
/* End PBXFileReference section */

/* Begin PBXFrameworksBuildPhase section */
		3B99187821296026001E39E5 /* Frameworks */ = {
			isa = PBXFrameworksBuildPhase;
			buildActionMask = 2147483647;
			files = (
				8E25EE05FFCDEDEEB63DE287 /* Pods_Example_ObjC.framework in Frameworks */,
			);
			runOnlyForDeploymentPostprocessing = 0;
		};
/* End PBXFrameworksBuildPhase section */

/* Begin PBXGroup section */
		3B99187221296026001E39E5 = {
			isa = PBXGroup;
			children = (
				3B99187D21296026001E39E5 /* Example-ObjC */,
				3B99187C21296026001E39E5 /* Products */,
				F73E378DF4E257DF1F6CE151 /* Pods */,
				FE3F3351D5FF9D73E57325DB /* Frameworks */,
			);
			sourceTree = "<group>";
		};
		3B99187C21296026001E39E5 /* Products */ = {
			isa = PBXGroup;
			children = (
				3B99187B21296026001E39E5 /* ExampleObjC.app */,
			);
			name = Products;
			sourceTree = "<group>";
		};
		3B99187D21296026001E39E5 /* Example-ObjC */ = {
			isa = PBXGroup;
			children = (
				3B99187E21296026001E39E5 /* AppDelegate.h */,
				3B99187F21296026001E39E5 /* AppDelegate.m */,
				3B99188121296026001E39E5 /* ViewController.h */,
				3B99188221296026001E39E5 /* ViewController.m */,
				3B99189A21296455001E39E5 /* KlineInfo.h */,
				3B99189B21296455001E39E5 /* KlineInfo.m */,
				3B991896212962E4001E39E5 /* LineChartView.swift */,
				3B991895212962E3001E39E5 /* ExampleObjC-Bridging-Header.h */,
				3B9918942129604E001E39E5 /* Supporting Files */,
			);
			path = "Example-ObjC";
			sourceTree = "<group>";
		};
		3B9918942129604E001E39E5 /* Supporting Files */ = {
			isa = PBXGroup;
			children = (
				3B99188421296026001E39E5 /* Main.storyboard */,
				3B99188721296028001E39E5 /* Assets.xcassets */,
				3B99188921296028001E39E5 /* LaunchScreen.storyboard */,
				3B99188C21296028001E39E5 /* Info.plist */,
				3B99188D21296028001E39E5 /* main.m */,
			);
			path = "Supporting Files";
			sourceTree = "<group>";
		};
		F73E378DF4E257DF1F6CE151 /* Pods */ = {
			isa = PBXGroup;
			children = (
				A5738FEDDFD11B6A3C1C1ECE /* Pods-Example-ObjC.debug.xcconfig */,
				735A65525DFC40476E1FC677 /* Pods-Example-ObjC.release.xcconfig */,
			);
			name = Pods;
			sourceTree = "<group>";
		};
		FE3F3351D5FF9D73E57325DB /* Frameworks */ = {
			isa = PBXGroup;
			children = (
				264C297F1BD5BDEE7B7A493F /* Pods_Example_ObjC.framework */,
			);
			name = Frameworks;
			sourceTree = "<group>";
		};
/* End PBXGroup section */

/* Begin PBXNativeTarget section */
		3B99187A21296026001E39E5 /* Example-ObjC */ = {
			isa = PBXNativeTarget;
			buildConfigurationList = 3B99189121296028001E39E5 /* Build configuration list for PBXNativeTarget "Example-ObjC" */;
			buildPhases = (
				016C979EF1E3FF175481D330 /* [CP] Check Pods Manifest.lock */,
				3B99187721296026001E39E5 /* Sources */,
				3B99187821296026001E39E5 /* Frameworks */,
				3B99187921296026001E39E5 /* Resources */,
				C8836124499382387041ED60 /* [CP] Embed Pods Frameworks */,
			);
			buildRules = (
			);
			dependencies = (
			);
			name = "Example-ObjC";
			productName = "Example-ObjC";
			productReference = 3B99187B21296026001E39E5 /* ExampleObjC.app */;
			productType = "com.apple.product-type.application";
		};
/* End PBXNativeTarget section */

/* Begin PBXProject section */
		3B99187321296026001E39E5 /* Project object */ = {
			isa = PBXProject;
			attributes = {
				LastUpgradeCheck = 0940;
				ORGANIZATIONNAME = xuhongfei;
				TargetAttributes = {
					3B99187A21296026001E39E5 = {
						CreatedOnToolsVersion = 9.4.1;
						LastSwiftMigration = 0940;
					};
				};
			};
			buildConfigurationList = 3B99187621296026001E39E5 /* Build configuration list for PBXProject "Example-ObjC" */;
			compatibilityVersion = "Xcode 9.3";
			developmentRegion = en;
			hasScannedForEncodings = 0;
			knownRegions = (
				en,
				Base,
			);
			mainGroup = 3B99187221296026001E39E5;
			productRefGroup = 3B99187C21296026001E39E5 /* Products */;
			projectDirPath = "";
			projectRoot = "";
			targets = (
				3B99187A21296026001E39E5 /* Example-ObjC */,
			);
		};
/* End PBXProject section */

/* Begin PBXResourcesBuildPhase section */
		3B99187921296026001E39E5 /* Resources */ = {
			isa = PBXResourcesBuildPhase;
			buildActionMask = 2147483647;
			files = (
				3B99188B21296028001E39E5 /* LaunchScreen.storyboard in Resources */,
				3B99188821296028001E39E5 /* Assets.xcassets in Resources */,
				3B99188621296026001E39E5 /* Main.storyboard in Resources */,
			);
			runOnlyForDeploymentPostprocessing = 0;
		};
/* End PBXResourcesBuildPhase section */

/* Begin PBXShellScriptBuildPhase section */
		016C979EF1E3FF175481D330 /* [CP] Check Pods Manifest.lock */ = {
			isa = PBXShellScriptBuildPhase;
			buildActionMask = 2147483647;
			files = (
			);
			inputPaths = (
				"${PODS_PODFILE_DIR_PATH}/Podfile.lock",
				"${PODS_ROOT}/Manifest.lock",
			);
			name = "[CP] Check Pods Manifest.lock";
			outputPaths = (
				"$(DERIVED_FILE_DIR)/Pods-Example-ObjC-checkManifestLockResult.txt",
			);
			runOnlyForDeploymentPostprocessing = 0;
			shellPath = /bin/sh;
			shellScript = "diff \"${PODS_PODFILE_DIR_PATH}/Podfile.lock\" \"${PODS_ROOT}/Manifest.lock\" > /dev/null\nif [ $? != 0 ] ; then\n    # print error to STDERR\n    echo \"error: The sandbox is not in sync with the Podfile.lock. Run 'pod install' or update your CocoaPods installation.\" >&2\n    exit 1\nfi\n# This output is used by Xcode 'outputs' to avoid re-running this script phase.\necho \"SUCCESS\" > \"${SCRIPT_OUTPUT_FILE_0}\"\n";
			showEnvVarsInLog = 0;
		};
		C8836124499382387041ED60 /* [CP] Embed Pods Frameworks */ = {
			isa = PBXShellScriptBuildPhase;
			buildActionMask = 2147483647;
			files = (
			);
			inputPaths = (
				"${SRCROOT}/Pods/Target Support Files/Pods-Example-ObjC/Pods-Example-ObjC-frameworks.sh",
				"${BUILT_PRODUCTS_DIR}/AFNetworking/AFNetworking.framework",
				"${BUILT_PRODUCTS_DIR}/CHKLineChartKit/CHKLineChartKit.framework",
			);
			name = "[CP] Embed Pods Frameworks";
			outputPaths = (
				"${TARGET_BUILD_DIR}/${FRAMEWORKS_FOLDER_PATH}/AFNetworking.framework",
				"${TARGET_BUILD_DIR}/${FRAMEWORKS_FOLDER_PATH}/CHKLineChartKit.framework",
			);
			runOnlyForDeploymentPostprocessing = 0;
			shellPath = /bin/sh;
			shellScript = "\"${SRCROOT}/Pods/Target Support Files/Pods-Example-ObjC/Pods-Example-ObjC-frameworks.sh\"\n";
			showEnvVarsInLog = 0;
		};
/* End PBXShellScriptBuildPhase section */

/* Begin PBXSourcesBuildPhase section */
		3B99187721296026001E39E5 /* Sources */ = {
			isa = PBXSourcesBuildPhase;
			buildActionMask = 2147483647;
			files = (
				3B99189C21296455001E39E5 /* KlineInfo.m in Sources */,
				3B99188321296026001E39E5 /* ViewController.m in Sources */,
				3B99188E21296028001E39E5 /* main.m in Sources */,
				3B99188021296026001E39E5 /* AppDelegate.m in Sources */,
				3B991897212962E4001E39E5 /* LineChartView.swift in Sources */,
			);
			runOnlyForDeploymentPostprocessing = 0;
		};
/* End PBXSourcesBuildPhase section */

/* Begin PBXVariantGroup section */
		3B99188421296026001E39E5 /* Main.storyboard */ = {
			isa = PBXVariantGroup;
			children = (
				3B99188521296026001E39E5 /* Base */,
			);
			name = Main.storyboard;
			sourceTree = "<group>";
		};
		3B99188921296028001E39E5 /* LaunchScreen.storyboard */ = {
			isa = PBXVariantGroup;
			children = (
				3B99188A21296028001E39E5 /* Base */,
			);
			name = LaunchScreen.storyboard;
			sourceTree = "<group>";
		};
/* End PBXVariantGroup section */

/* Begin XCBuildConfiguration section */
		3B99188F21296028001E39E5 /* Debug */ = {
			isa = XCBuildConfiguration;
			buildSettings = {
				ALWAYS_SEARCH_USER_PATHS = NO;
				CLANG_ANALYZER_NONNULL = YES;
				CLANG_ANALYZER_NUMBER_OBJECT_CONVERSION = YES_AGGRESSIVE;
				CLANG_CXX_LANGUAGE_STANDARD = "gnu++14";
				CLANG_CXX_LIBRARY = "libc++";
				CLANG_ENABLE_MODULES = YES;
				CLANG_ENABLE_OBJC_ARC = YES;
				CLANG_ENABLE_OBJC_WEAK = YES;
				CLANG_WARN_BLOCK_CAPTURE_AUTORELEASING = YES;
				CLANG_WARN_BOOL_CONVERSION = YES;
				CLANG_WARN_COMMA = YES;
				CLANG_WARN_CONSTANT_CONVERSION = YES;
				CLANG_WARN_DEPRECATED_OBJC_IMPLEMENTATIONS = YES;
				CLANG_WARN_DIRECT_OBJC_ISA_USAGE = YES_ERROR;
				CLANG_WARN_DOCUMENTATION_COMMENTS = YES;
				CLANG_WARN_EMPTY_BODY = YES;
				CLANG_WARN_ENUM_CONVERSION = YES;
				CLANG_WARN_INFINITE_RECURSION = YES;
				CLANG_WARN_INT_CONVERSION = YES;
				CLANG_WARN_NON_LITERAL_NULL_CONVERSION = YES;
				CLANG_WARN_OBJC_IMPLICIT_RETAIN_SELF = YES;
				CLANG_WARN_OBJC_LITERAL_CONVERSION = YES;
				CLANG_WARN_OBJC_ROOT_CLASS = YES_ERROR;
				CLANG_WARN_RANGE_LOOP_ANALYSIS = YES;
				CLANG_WARN_STRICT_PROTOTYPES = YES;
				CLANG_WARN_SUSPICIOUS_MOVE = YES;
				CLANG_WARN_UNGUARDED_AVAILABILITY = YES_AGGRESSIVE;
				CLANG_WARN_UNREACHABLE_CODE = YES;
				CLANG_WARN__DUPLICATE_METHOD_MATCH = YES;
				CODE_SIGN_IDENTITY = "iPhone Developer";
				COPY_PHASE_STRIP = NO;
				DEBUG_INFORMATION_FORMAT = dwarf;
				ENABLE_STRICT_OBJC_MSGSEND = YES;
				ENABLE_TESTABILITY = YES;
				GCC_C_LANGUAGE_STANDARD = gnu11;
				GCC_DYNAMIC_NO_PIC = NO;
				GCC_NO_COMMON_BLOCKS = YES;
				GCC_OPTIMIZATION_LEVEL = 0;
				GCC_PREPROCESSOR_DEFINITIONS = (
					"DEBUG=1",
					"$(inherited)",
				);
				GCC_WARN_64_TO_32_BIT_CONVERSION = YES;
				GCC_WARN_ABOUT_RETURN_TYPE = YES_ERROR;
				GCC_WARN_UNDECLARED_SELECTOR = YES;
				GCC_WARN_UNINITIALIZED_AUTOS = YES_AGGRESSIVE;
				GCC_WARN_UNUSED_FUNCTION = YES;
				GCC_WARN_UNUSED_VARIABLE = YES;
				IPHONEOS_DEPLOYMENT_TARGET = 11.4;
				MTL_ENABLE_DEBUG_INFO = YES;
				ONLY_ACTIVE_ARCH = YES;
				SDKROOT = iphoneos;
			};
			name = Debug;
		};
		3B99189021296028001E39E5 /* Release */ = {
			isa = XCBuildConfiguration;
			buildSettings = {
				ALWAYS_SEARCH_USER_PATHS = NO;
				CLANG_ANALYZER_NONNULL = YES;
				CLANG_ANALYZER_NUMBER_OBJECT_CONVERSION = YES_AGGRESSIVE;
				CLANG_CXX_LANGUAGE_STANDARD = "gnu++14";
				CLANG_CXX_LIBRARY = "libc++";
				CLANG_ENABLE_MODULES = YES;
				CLANG_ENABLE_OBJC_ARC = YES;
				CLANG_ENABLE_OBJC_WEAK = YES;
				CLANG_WARN_BLOCK_CAPTURE_AUTORELEASING = YES;
				CLANG_WARN_BOOL_CONVERSION = YES;
				CLANG_WARN_COMMA = YES;
				CLANG_WARN_CONSTANT_CONVERSION = YES;
				CLANG_WARN_DEPRECATED_OBJC_IMPLEMENTATIONS = YES;
				CLANG_WARN_DIRECT_OBJC_ISA_USAGE = YES_ERROR;
				CLANG_WARN_DOCUMENTATION_COMMENTS = YES;
				CLANG_WARN_EMPTY_BODY = YES;
				CLANG_WARN_ENUM_CONVERSION = YES;
				CLANG_WARN_INFINITE_RECURSION = YES;
				CLANG_WARN_INT_CONVERSION = YES;
				CLANG_WARN_NON_LITERAL_NULL_CONVERSION = YES;
				CLANG_WARN_OBJC_IMPLICIT_RETAIN_SELF = YES;
				CLANG_WARN_OBJC_LITERAL_CONVERSION = YES;
				CLANG_WARN_OBJC_ROOT_CLASS = YES_ERROR;
				CLANG_WARN_RANGE_LOOP_ANALYSIS = YES;
				CLANG_WARN_STRICT_PROTOTYPES = YES;
				CLANG_WARN_SUSPICIOUS_MOVE = YES;
				CLANG_WARN_UNGUARDED_AVAILABILITY = YES_AGGRESSIVE;
				CLANG_WARN_UNREACHABLE_CODE = YES;
				CLANG_WARN__DUPLICATE_METHOD_MATCH = YES;
				CODE_SIGN_IDENTITY = "iPhone Developer";
				COPY_PHASE_STRIP = NO;
				DEBUG_INFORMATION_FORMAT = "dwarf-with-dsym";
				ENABLE_NS_ASSERTIONS = NO;
				ENABLE_STRICT_OBJC_MSGSEND = YES;
				GCC_C_LANGUAGE_STANDARD = gnu11;
				GCC_NO_COMMON_BLOCKS = YES;
				GCC_WARN_64_TO_32_BIT_CONVERSION = YES;
				GCC_WARN_ABOUT_RETURN_TYPE = YES_ERROR;
				GCC_WARN_UNDECLARED_SELECTOR = YES;
				GCC_WARN_UNINITIALIZED_AUTOS = YES_AGGRESSIVE;
				GCC_WARN_UNUSED_FUNCTION = YES;
				GCC_WARN_UNUSED_VARIABLE = YES;
				IPHONEOS_DEPLOYMENT_TARGET = 11.4;
				MTL_ENABLE_DEBUG_INFO = NO;
				SDKROOT = iphoneos;
				VALIDATE_PRODUCT = YES;
			};
			name = Release;
		};
		3B99189221296028001E39E5 /* Debug */ = {
			isa = XCBuildConfiguration;
			baseConfigurationReference = A5738FEDDFD11B6A3C1C1ECE /* Pods-Example-ObjC.debug.xcconfig */;
			buildSettings = {
				ASSETCATALOG_COMPILER_APPICON_NAME = AppIcon;
				CLANG_ENABLE_MODULES = YES;
				CODE_SIGN_STYLE = Automatic;
				DEFINES_MODULE = YES;
				DEVELOPMENT_TEAM = "";
				INFOPLIST_FILE = "$(SRCROOT)/Example-ObjC/Supporting Files/Info.plist";
				IPHONEOS_DEPLOYMENT_TARGET = 9.0;
				LD_RUNPATH_SEARCH_PATHS = (
					"$(inherited)",
					"@executable_path/Frameworks",
				);
				PRODUCT_BUNDLE_IDENTIFIER = "com.chklinechart.Example-ObjC";
				PRODUCT_NAME = ExampleObjC;
				SWIFT_OBJC_BRIDGING_HEADER = "Example-ObjC/ExampleObjC-Bridging-Header.h";
				SWIFT_OPTIMIZATION_LEVEL = "-Onone";
				SWIFT_VERSION = 3.0;
				TARGETED_DEVICE_FAMILY = "1,2";
			};
			name = Debug;
		};
		3B99189321296028001E39E5 /* Release */ = {
			isa = XCBuildConfiguration;
			baseConfigurationReference = 735A65525DFC40476E1FC677 /* Pods-Example-ObjC.release.xcconfig */;
			buildSettings = {
				ASSETCATALOG_COMPILER_APPICON_NAME = AppIcon;
				CLANG_ENABLE_MODULES = YES;
				CODE_SIGN_STYLE = Automatic;
				DEFINES_MODULE = YES;
				DEVELOPMENT_TEAM = "";
				INFOPLIST_FILE = "$(SRCROOT)/Example-ObjC/Supporting Files/Info.plist";
				IPHONEOS_DEPLOYMENT_TARGET = 9.0;
				LD_RUNPATH_SEARCH_PATHS = (
					"$(inherited)",
					"@executable_path/Frameworks",
				);
				PRODUCT_BUNDLE_IDENTIFIER = "com.chklinechart.Example-ObjC";
				PRODUCT_NAME = ExampleObjC;
				SWIFT_OBJC_BRIDGING_HEADER = "Example-ObjC/ExampleObjC-Bridging-Header.h";
				SWIFT_VERSION = 3.0;
				TARGETED_DEVICE_FAMILY = "1,2";
			};
			name = Release;
		};
/* End XCBuildConfiguration section */

/* Begin XCConfigurationList section */
		3B99187621296026001E39E5 /* Build configuration list for PBXProject "Example-ObjC" */ = {
			isa = XCConfigurationList;
			buildConfigurations = (
				3B99188F21296028001E39E5 /* Debug */,
				3B99189021296028001E39E5 /* Release */,
			);
			defaultConfigurationIsVisible = 0;
			defaultConfigurationName = Release;
		};
		3B99189121296028001E39E5 /* Build configuration list for PBXNativeTarget "Example-ObjC" */ = {
			isa = XCConfigurationList;
			buildConfigurations = (
				3B99189221296028001E39E5 /* Debug */,
				3B99189321296028001E39E5 /* Release */,
			);
			defaultConfigurationIsVisible = 0;
			defaultConfigurationName = Release;
		};
/* End XCConfigurationList section */
	};
	rootObject = 3B99187321296026001E39E5 /* Project object */;
}
