PODS:
  - AFNetworking (3.2.1):
    - AFNetworking/NSURLSession (= 3.2.1)
    - AFNetworking/Reachability (= 3.2.1)
    - AFNetworking/Security (= 3.2.1)
    - AFNetworking/Serialization (= 3.2.1)
    - AFNetworking/UIKit (= 3.2.1)
  - AFNetworking/NSURLSession (3.2.1):
    - AFNetworking/Reachability
    - AFNetworking/Security
    - AFNetworking/Serialization
  - AFNetworking/Reachability (3.2.1)
  - AFNetworking/Security (3.2.1)
  - AFNetworking/Serialization (3.2.1)
  - AFNetworking/UIKit (3.2.1):
    - AFNetworking/NSURLSession
  - CHKLineChartKit (2.3.0)

DEPENDENCIES:
  - AFNetworking
  - CHKLineChartKit

SPEC REPOS:
  https://github.com/cocoapods/specs.git:
    - AFNetworking
    - CHKLineChartKit

SPEC CHECKSUMS:
  AFNetworking: b6f891fdfaed196b46c7a83cf209e09697b94057
  CHKLineChartKit: fc5181c43047432d1620e0f10abea0784d71a02c

PODFILE CHECKSUM: 057f5e266dffa07c34482f48236e17d39a6c8e26

COCOAPODS: 1.5.3
