// !$*UTF8*$!
{
	archiveVersion = 1;
	classes = {
	};
	objectVersion = 46;
	objects = {

/* Begin PBXBuildFile section */
		C5DAC4562044F85000D16B84 /* CHChartImageGenerator.swift in Sources */ = {isa = PBXBuildFile; fileRef = C5B8F15D1EFB769F0082E969 /* CHChartImageGenerator.swift */; };
		C5F59ED41FA883DF00AD85A2 /* CHKLineChartKit.h in Headers */ = {isa = PBXBuildFile; fileRef = C5F59ED21FA883DF00AD85A2 /* CHKLineChartKit.h */; settings = {ATTRIBUTES = (Public, ); }; };
		C5F59EDD1FA8840000AD85A2 /* CHSection.swift in Sources */ = {isa = PBXBuildFile; fileRef = C5E4E06E1D76CF6200C47F5A /* CHSection.swift */; };
		C5F59EDE1FA8840000AD85A2 /* CHAxisModel.swift in Sources */ = {isa = PBXBuildFile; fileRef = C5E4E0701D76D7F800C47F5A /* CHAxisModel.swift */; };
		C5F59EDF1FA8840000AD85A2 /* CHKLineChart.swift in Sources */ = {isa = PBXBuildFile; fileRef = C5F7FFFA1D7EA57A00622E60 /* CHKLineChart.swift */; };
		C5F59EE01FA8840000AD85A2 /* CHChartModel.swift in Sources */ = {isa = PBXBuildFile; fileRef = C5F700001D7EA94500622E60 /* CHChartModel.swift */; };
		C5F59EE11FA8840000AD85A2 /* CHExtension.swift in Sources */ = {isa = PBXBuildFile; fileRef = C559F2581D80FC22002B1E57 /* CHExtension.swift */; };
		C5F59EE21FA8840000AD85A2 /* CHSeries.swift in Sources */ = {isa = PBXBuildFile; fileRef = C56F6E561D879941002320D2 /* CHSeries.swift */; };
		C5F59EE31FA8840000AD85A2 /* CHChartAlgorithm.swift in Sources */ = {isa = PBXBuildFile; fileRef = C54926651D8923BB0074ACD2 /* CHChartAlgorithm.swift */; };
		C5F59EE41FA8840000AD85A2 /* CHKLineChartStyle.swift in Sources */ = {isa = PBXBuildFile; fileRef = C59DF3CD1D8FE3FD0085DA3D /* CHKLineChartStyle.swift */; };
		C5F59EE51FA8840000AD85A2 /* CHDynamicItem.swift in Sources */ = {isa = PBXBuildFile; fileRef = C571876A1EFA425C002432E5 /* CHDynamicItem.swift */; };
		C5F59EE61FA8840000AD85A2 /* CHShapeLayer.swift in Sources */ = {isa = PBXBuildFile; fileRef = C5F138D71EFD42A800DCAEF6 /* CHShapeLayer.swift */; };
		C5F59EE71FA8840000AD85A2 /* CHDepthChartView.swift in Sources */ = {isa = PBXBuildFile; fileRef = C502BEF51F01168100E1BE8F /* CHDepthChartView.swift */; };
/* End PBXBuildFile section */

/* Begin PBXFileReference section */
		26A04E5DC2417C7350CB690A /* Pods_CHKLineChart.framework */ = {isa = PBXFileReference; explicitFileType = wrapper.framework; includeInIndex = 0; path = Pods_CHKLineChart.framework; sourceTree = BUILT_PRODUCTS_DIR; };
		3999AEE1D8C13CBE0F47A12B /* Pods-CHKLineChart.release.xcconfig */ = {isa = PBXFileReference; includeInIndex = 1; lastKnownFileType = text.xcconfig; name = "Pods-CHKLineChart.release.xcconfig"; path = "Pods/Target Support Files/Pods-CHKLineChart/Pods-CHKLineChart.release.xcconfig"; sourceTree = "<group>"; };
		6349AF5F1FE2C1220C72A35B /* Pods-CHKLineChart.debug.xcconfig */ = {isa = PBXFileReference; includeInIndex = 1; lastKnownFileType = text.xcconfig; name = "Pods-CHKLineChart.debug.xcconfig"; path = "Pods/Target Support Files/Pods-CHKLineChart/Pods-CHKLineChart.debug.xcconfig"; sourceTree = "<group>"; };
		C502BEF51F01168100E1BE8F /* CHDepthChartView.swift */ = {isa = PBXFileReference; fileEncoding = 4; lastKnownFileType = sourcecode.swift; name = CHDepthChartView.swift; path = Classes/CHDepthChartView.swift; sourceTree = "<group>"; };
		C54926651D8923BB0074ACD2 /* CHChartAlgorithm.swift */ = {isa = PBXFileReference; fileEncoding = 4; lastKnownFileType = sourcecode.swift; lineEnding = 0; name = CHChartAlgorithm.swift; path = Classes/CHChartAlgorithm.swift; sourceTree = "<group>"; xcLanguageSpecificationIdentifier = xcode.lang.swift; };
		C559F2581D80FC22002B1E57 /* CHExtension.swift */ = {isa = PBXFileReference; fileEncoding = 4; lastKnownFileType = sourcecode.swift; lineEnding = 0; name = CHExtension.swift; path = Classes/CHExtension.swift; sourceTree = "<group>"; xcLanguageSpecificationIdentifier = xcode.lang.swift; };
		C56F6E561D879941002320D2 /* CHSeries.swift */ = {isa = PBXFileReference; fileEncoding = 4; lastKnownFileType = sourcecode.swift; lineEnding = 0; name = CHSeries.swift; path = Classes/CHSeries.swift; sourceTree = "<group>"; xcLanguageSpecificationIdentifier = xcode.lang.swift; };
		C571876A1EFA425C002432E5 /* CHDynamicItem.swift */ = {isa = PBXFileReference; fileEncoding = 4; lastKnownFileType = sourcecode.swift; name = CHDynamicItem.swift; path = Classes/CHDynamicItem.swift; sourceTree = "<group>"; };
		C57654D61E30AA480080A095 /* README.md */ = {isa = PBXFileReference; fileEncoding = 4; lastKnownFileType = net.daringfireball.markdown; name = README.md; path = ../../README.md; sourceTree = "<group>"; };
		C59DF3CD1D8FE3FD0085DA3D /* CHKLineChartStyle.swift */ = {isa = PBXFileReference; fileEncoding = 4; lastKnownFileType = sourcecode.swift; lineEnding = 0; name = CHKLineChartStyle.swift; path = Classes/CHKLineChartStyle.swift; sourceTree = "<group>"; xcLanguageSpecificationIdentifier = xcode.lang.swift; };
		C5B8F15D1EFB769F0082E969 /* CHChartImageGenerator.swift */ = {isa = PBXFileReference; fileEncoding = 4; lastKnownFileType = sourcecode.swift; name = CHChartImageGenerator.swift; path = Classes/CHChartImageGenerator.swift; sourceTree = "<group>"; };
		C5E4E06E1D76CF6200C47F5A /* CHSection.swift */ = {isa = PBXFileReference; fileEncoding = 4; lastKnownFileType = sourcecode.swift; lineEnding = 0; name = CHSection.swift; path = Classes/CHSection.swift; sourceTree = "<group>"; xcLanguageSpecificationIdentifier = xcode.lang.swift; };
		C5E4E0701D76D7F800C47F5A /* CHAxisModel.swift */ = {isa = PBXFileReference; fileEncoding = 4; lastKnownFileType = sourcecode.swift; lineEnding = 0; name = CHAxisModel.swift; path = Classes/CHAxisModel.swift; sourceTree = "<group>"; xcLanguageSpecificationIdentifier = xcode.lang.swift; };
		C5F138D71EFD42A800DCAEF6 /* CHShapeLayer.swift */ = {isa = PBXFileReference; fileEncoding = 4; lastKnownFileType = sourcecode.swift; name = CHShapeLayer.swift; path = Classes/CHShapeLayer.swift; sourceTree = "<group>"; };
		C5F59ED01FA883DF00AD85A2 /* CHKLineChartKit.framework */ = {isa = PBXFileReference; explicitFileType = wrapper.framework; includeInIndex = 0; path = CHKLineChartKit.framework; sourceTree = BUILT_PRODUCTS_DIR; };
		C5F59ED21FA883DF00AD85A2 /* CHKLineChartKit.h */ = {isa = PBXFileReference; lastKnownFileType = sourcecode.c.h; path = CHKLineChartKit.h; sourceTree = "<group>"; };
		C5F59ED31FA883DF00AD85A2 /* Info.plist */ = {isa = PBXFileReference; lastKnownFileType = text.plist.xml; path = Info.plist; sourceTree = "<group>"; };
		C5F700001D7EA94500622E60 /* CHChartModel.swift */ = {isa = PBXFileReference; fileEncoding = 4; lastKnownFileType = sourcecode.swift; lineEnding = 0; name = CHChartModel.swift; path = Classes/CHChartModel.swift; sourceTree = "<group>"; xcLanguageSpecificationIdentifier = xcode.lang.swift; };
		C5F7FFFA1D7EA57A00622E60 /* CHKLineChart.swift */ = {isa = PBXFileReference; fileEncoding = 4; lastKnownFileType = sourcecode.swift; lineEnding = 0; name = CHKLineChart.swift; path = Classes/CHKLineChart.swift; sourceTree = "<group>"; xcLanguageSpecificationIdentifier = xcode.lang.swift; };
		C5FA1F861D92400200271E36 /* CHKLineChartKit.podspec */ = {isa = PBXFileReference; fileEncoding = 4; lastKnownFileType = text; name = CHKLineChartKit.podspec; path = ../../CHKLineChartKit.podspec; sourceTree = "<group>"; };
/* End PBXFileReference section */

/* Begin PBXFrameworksBuildPhase section */
		C5F59ECC1FA883DF00AD85A2 /* Frameworks */ = {
			isa = PBXFrameworksBuildPhase;
			buildActionMask = 2147483647;
			files = (
			);
			runOnlyForDeploymentPostprocessing = 0;
		};
/* End PBXFrameworksBuildPhase section */

/* Begin PBXGroup section */
		9BDF4CB112CA55CB5D3CFEC4 /* Frameworks */ = {
			isa = PBXGroup;
			children = (
				26A04E5DC2417C7350CB690A /* Pods_CHKLineChart.framework */,
			);
			name = Frameworks;
			sourceTree = "<group>";
		};
		C5E4E04E1D76CC7E00C47F5A = {
			isa = PBXGroup;
			children = (
				C5E4E0591D76CC7E00C47F5A /* CHKLineChart */,
				C5F59ED11FA883DF00AD85A2 /* CHKLineChartKit */,
				C5E4E0581D76CC7E00C47F5A /* Products */,
				CC4E30706B00673EF954C2FF /* Pods */,
				9BDF4CB112CA55CB5D3CFEC4 /* Frameworks */,
			);
			sourceTree = "<group>";
		};
		C5E4E0581D76CC7E00C47F5A /* Products */ = {
			isa = PBXGroup;
			children = (
				C5F59ED01FA883DF00AD85A2 /* CHKLineChartKit.framework */,
			);
			name = Products;
			sourceTree = "<group>";
		};
		C5E4E0591D76CC7E00C47F5A /* CHKLineChart */ = {
			isa = PBXGroup;
			children = (
				C57654D61E30AA480080A095 /* README.md */,
				C5FA1F861D92400200271E36 /* CHKLineChartKit.podspec */,
				C5E4E06C1D76CCB400C47F5A /* Classes */,
			);
			path = CHKLineChart;
			sourceTree = "<group>";
		};
		C5E4E06C1D76CCB400C47F5A /* Classes */ = {
			isa = PBXGroup;
			children = (
				C5F700001D7EA94500622E60 /* CHChartModel.swift */,
				C5E4E06E1D76CF6200C47F5A /* CHSection.swift */,
				C5E4E0701D76D7F800C47F5A /* CHAxisModel.swift */,
				C5F7FFFA1D7EA57A00622E60 /* CHKLineChart.swift */,
				C559F2581D80FC22002B1E57 /* CHExtension.swift */,
				C56F6E561D879941002320D2 /* CHSeries.swift */,
				C54926651D8923BB0074ACD2 /* CHChartAlgorithm.swift */,
				C59DF3CD1D8FE3FD0085DA3D /* CHKLineChartStyle.swift */,
				C571876A1EFA425C002432E5 /* CHDynamicItem.swift */,
				C5F138D71EFD42A800DCAEF6 /* CHShapeLayer.swift */,
				C502BEF51F01168100E1BE8F /* CHDepthChartView.swift */,
				C5B8F15D1EFB769F0082E969 /* CHChartImageGenerator.swift */,
			);
			name = Classes;
			sourceTree = "<group>";
		};
		C5F59ED11FA883DF00AD85A2 /* CHKLineChartKit */ = {
			isa = PBXGroup;
			children = (
				C5F59ED21FA883DF00AD85A2 /* CHKLineChartKit.h */,
				C5F59ED31FA883DF00AD85A2 /* Info.plist */,
			);
			path = CHKLineChartKit;
			sourceTree = "<group>";
		};
		CC4E30706B00673EF954C2FF /* Pods */ = {
			isa = PBXGroup;
			children = (
				6349AF5F1FE2C1220C72A35B /* Pods-CHKLineChart.debug.xcconfig */,
				3999AEE1D8C13CBE0F47A12B /* Pods-CHKLineChart.release.xcconfig */,
			);
			name = Pods;
			sourceTree = "<group>";
		};
/* End PBXGroup section */

/* Begin PBXHeadersBuildPhase section */
		C5F59ECD1FA883DF00AD85A2 /* Headers */ = {
			isa = PBXHeadersBuildPhase;
			buildActionMask = 2147483647;
			files = (
				C5F59ED41FA883DF00AD85A2 /* CHKLineChartKit.h in Headers */,
			);
			runOnlyForDeploymentPostprocessing = 0;
		};
/* End PBXHeadersBuildPhase section */

/* Begin PBXNativeTarget section */
		C5F59ECF1FA883DF00AD85A2 /* CHKLineChartKit */ = {
			isa = PBXNativeTarget;
			buildConfigurationList = C5F59EDB1FA883DF00AD85A2 /* Build configuration list for PBXNativeTarget "CHKLineChartKit" */;
			buildPhases = (
				C5F59ECB1FA883DF00AD85A2 /* Sources */,
				C5F59ECC1FA883DF00AD85A2 /* Frameworks */,
				C5F59ECD1FA883DF00AD85A2 /* Headers */,
				C5F59ECE1FA883DF00AD85A2 /* Resources */,
			);
			buildRules = (
			);
			dependencies = (
			);
			name = CHKLineChartKit;
			productName = CHKLineChartKit;
			productReference = C5F59ED01FA883DF00AD85A2 /* CHKLineChartKit.framework */;
			productType = "com.apple.product-type.framework";
		};
/* End PBXNativeTarget section */

/* Begin PBXProject section */
		C5E4E04F1D76CC7E00C47F5A /* Project object */ = {
			isa = PBXProject;
			attributes = {
				LastSwiftUpdateCheck = 0730;
				LastUpgradeCheck = 0900;
				ORGANIZATIONNAME = bitbank;
				TargetAttributes = {
					C5F59ECF1FA883DF00AD85A2 = {
						CreatedOnToolsVersion = 9.0.1;
						ProvisioningStyle = Automatic;
					};
				};
			};
			buildConfigurationList = C5E4E0521D76CC7E00C47F5A /* Build configuration list for PBXProject "CHKLineChart" */;
			compatibilityVersion = "Xcode 3.2";
			developmentRegion = English;
			hasScannedForEncodings = 0;
			knownRegions = (
				English,
				en,
				Base,
			);
			mainGroup = C5E4E04E1D76CC7E00C47F5A;
			productRefGroup = C5E4E0581D76CC7E00C47F5A /* Products */;
			projectDirPath = "";
			projectRoot = "";
			targets = (
				C5F59ECF1FA883DF00AD85A2 /* CHKLineChartKit */,
			);
		};
/* End PBXProject section */

/* Begin PBXResourcesBuildPhase section */
		C5F59ECE1FA883DF00AD85A2 /* Resources */ = {
			isa = PBXResourcesBuildPhase;
			buildActionMask = 2147483647;
			files = (
			);
			runOnlyForDeploymentPostprocessing = 0;
		};
/* End PBXResourcesBuildPhase section */

/* Begin PBXSourcesBuildPhase section */
		C5F59ECB1FA883DF00AD85A2 /* Sources */ = {
			isa = PBXSourcesBuildPhase;
			buildActionMask = 2147483647;
			files = (
				C5F59EE61FA8840000AD85A2 /* CHShapeLayer.swift in Sources */,
				C5F59EDD1FA8840000AD85A2 /* CHSection.swift in Sources */,
				C5F59EE21FA8840000AD85A2 /* CHSeries.swift in Sources */,
				C5F59EDE1FA8840000AD85A2 /* CHAxisModel.swift in Sources */,
				C5F59EE41FA8840000AD85A2 /* CHKLineChartStyle.swift in Sources */,
				C5DAC4562044F85000D16B84 /* CHChartImageGenerator.swift in Sources */,
				C5F59EE71FA8840000AD85A2 /* CHDepthChartView.swift in Sources */,
				C5F59EE11FA8840000AD85A2 /* CHExtension.swift in Sources */,
				C5F59EE51FA8840000AD85A2 /* CHDynamicItem.swift in Sources */,
				C5F59EDF1FA8840000AD85A2 /* CHKLineChart.swift in Sources */,
				C5F59EE31FA8840000AD85A2 /* CHChartAlgorithm.swift in Sources */,
				C5F59EE01FA8840000AD85A2 /* CHChartModel.swift in Sources */,
			);
			runOnlyForDeploymentPostprocessing = 0;
		};
/* End PBXSourcesBuildPhase section */

/* Begin XCBuildConfiguration section */
		C5E4E0671D76CC7E00C47F5A /* Debug */ = {
			isa = XCBuildConfiguration;
			buildSettings = {
				ALWAYS_SEARCH_USER_PATHS = NO;
				CLANG_ANALYZER_NONNULL = YES;
				CLANG_CXX_LANGUAGE_STANDARD = "gnu++0x";
				CLANG_CXX_LIBRARY = "libc++";
				CLANG_ENABLE_MODULES = YES;
				CLANG_ENABLE_OBJC_ARC = YES;
				CLANG_WARN_BLOCK_CAPTURE_AUTORELEASING = YES;
				CLANG_WARN_BOOL_CONVERSION = YES;
				CLANG_WARN_COMMA = YES;
				CLANG_WARN_CONSTANT_CONVERSION = YES;
				CLANG_WARN_DIRECT_OBJC_ISA_USAGE = YES_ERROR;
				CLANG_WARN_EMPTY_BODY = YES;
				CLANG_WARN_ENUM_CONVERSION = YES;
				CLANG_WARN_INFINITE_RECURSION = YES;
				CLANG_WARN_INT_CONVERSION = YES;
				CLANG_WARN_NON_LITERAL_NULL_CONVERSION = YES;
				CLANG_WARN_OBJC_LITERAL_CONVERSION = YES;
				CLANG_WARN_OBJC_ROOT_CLASS = YES_ERROR;
				CLANG_WARN_RANGE_LOOP_ANALYSIS = YES;
				CLANG_WARN_STRICT_PROTOTYPES = YES;
				CLANG_WARN_SUSPICIOUS_MOVE = YES;
				CLANG_WARN_UNREACHABLE_CODE = YES;
				CLANG_WARN__DUPLICATE_METHOD_MATCH = YES;
				"CODE_SIGN_IDENTITY[sdk=iphoneos*]" = "iPhone Developer";
				COPY_PHASE_STRIP = NO;
				DEBUG_INFORMATION_FORMAT = dwarf;
				ENABLE_STRICT_OBJC_MSGSEND = YES;
				ENABLE_TESTABILITY = YES;
				GCC_C_LANGUAGE_STANDARD = gnu99;
				GCC_DYNAMIC_NO_PIC = NO;
				GCC_NO_COMMON_BLOCKS = YES;
				GCC_OPTIMIZATION_LEVEL = 0;
				GCC_PREPROCESSOR_DEFINITIONS = (
					"DEBUG=1",
					"$(inherited)",
				);
				GCC_WARN_64_TO_32_BIT_CONVERSION = YES;
				GCC_WARN_ABOUT_RETURN_TYPE = YES_ERROR;
				GCC_WARN_UNDECLARED_SELECTOR = YES;
				GCC_WARN_UNINITIALIZED_AUTOS = YES_AGGRESSIVE;
				GCC_WARN_UNUSED_FUNCTION = YES;
				GCC_WARN_UNUSED_VARIABLE = YES;
				IPHONEOS_DEPLOYMENT_TARGET = 8.0;
				MTL_ENABLE_DEBUG_INFO = YES;
				ONLY_ACTIVE_ARCH = YES;
				SDKROOT = iphoneos;
				SWIFT_OPTIMIZATION_LEVEL = "-Onone";
				SWIFT_VERSION = 4.0;
				TARGETED_DEVICE_FAMILY = "1,2";
			};
			name = Debug;
		};
		C5E4E0681D76CC7E00C47F5A /* Release */ = {
			isa = XCBuildConfiguration;
			buildSettings = {
				ALWAYS_SEARCH_USER_PATHS = NO;
				CLANG_ANALYZER_NONNULL = YES;
				CLANG_CXX_LANGUAGE_STANDARD = "gnu++0x";
				CLANG_CXX_LIBRARY = "libc++";
				CLANG_ENABLE_MODULES = YES;
				CLANG_ENABLE_OBJC_ARC = YES;
				CLANG_WARN_BLOCK_CAPTURE_AUTORELEASING = YES;
				CLANG_WARN_BOOL_CONVERSION = YES;
				CLANG_WARN_COMMA = YES;
				CLANG_WARN_CONSTANT_CONVERSION = YES;
				CLANG_WARN_DIRECT_OBJC_ISA_USAGE = YES_ERROR;
				CLANG_WARN_EMPTY_BODY = YES;
				CLANG_WARN_ENUM_CONVERSION = YES;
				CLANG_WARN_INFINITE_RECURSION = YES;
				CLANG_WARN_INT_CONVERSION = YES;
				CLANG_WARN_NON_LITERAL_NULL_CONVERSION = YES;
				CLANG_WARN_OBJC_LITERAL_CONVERSION = YES;
				CLANG_WARN_OBJC_ROOT_CLASS = YES_ERROR;
				CLANG_WARN_RANGE_LOOP_ANALYSIS = YES;
				CLANG_WARN_STRICT_PROTOTYPES = YES;
				CLANG_WARN_SUSPICIOUS_MOVE = YES;
				CLANG_WARN_UNREACHABLE_CODE = YES;
				CLANG_WARN__DUPLICATE_METHOD_MATCH = YES;
				"CODE_SIGN_IDENTITY[sdk=iphoneos*]" = "iPhone Developer";
				COPY_PHASE_STRIP = NO;
				DEBUG_INFORMATION_FORMAT = "dwarf-with-dsym";
				ENABLE_NS_ASSERTIONS = NO;
				ENABLE_STRICT_OBJC_MSGSEND = YES;
				GCC_C_LANGUAGE_STANDARD = gnu99;
				GCC_NO_COMMON_BLOCKS = YES;
				GCC_WARN_64_TO_32_BIT_CONVERSION = YES;
				GCC_WARN_ABOUT_RETURN_TYPE = YES_ERROR;
				GCC_WARN_UNDECLARED_SELECTOR = YES;
				GCC_WARN_UNINITIALIZED_AUTOS = YES_AGGRESSIVE;
				GCC_WARN_UNUSED_FUNCTION = YES;
				GCC_WARN_UNUSED_VARIABLE = YES;
				IPHONEOS_DEPLOYMENT_TARGET = 8.0;
				MTL_ENABLE_DEBUG_INFO = NO;
				SDKROOT = iphoneos;
				SWIFT_OPTIMIZATION_LEVEL = "-Owholemodule";
				SWIFT_VERSION = 4.0;
				TARGETED_DEVICE_FAMILY = "1,2";
				VALIDATE_PRODUCT = YES;
			};
			name = Release;
		};
		C5F59ED91FA883DF00AD85A2 /* Debug */ = {
			isa = XCBuildConfiguration;
			buildSettings = {
				CLANG_ANALYZER_NUMBER_OBJECT_CONVERSION = YES_AGGRESSIVE;
				CLANG_CXX_LANGUAGE_STANDARD = "gnu++14";
				CLANG_WARN_BLOCK_CAPTURE_AUTORELEASING = YES;
				CLANG_WARN_COMMA = YES;
				CLANG_WARN_DOCUMENTATION_COMMENTS = YES;
				CLANG_WARN_NON_LITERAL_NULL_CONVERSION = YES;
				CLANG_WARN_OBJC_LITERAL_CONVERSION = YES;
				CLANG_WARN_RANGE_LOOP_ANALYSIS = YES;
				CLANG_WARN_STRICT_PROTOTYPES = YES;
				CLANG_WARN_UNGUARDED_AVAILABILITY = YES_AGGRESSIVE;
				CODE_SIGN_IDENTITY = "iPhone Developer";
				"CODE_SIGN_IDENTITY[sdk=iphoneos*]" = "";
				CODE_SIGN_STYLE = Automatic;
				CURRENT_PROJECT_VERSION = 1;
				DEFINES_MODULE = YES;
				DEVELOPMENT_TEAM = "";
				DYLIB_COMPATIBILITY_VERSION = 1;
				DYLIB_CURRENT_VERSION = 1;
				DYLIB_INSTALL_NAME_BASE = "@rpath";
				GCC_C_LANGUAGE_STANDARD = gnu11;
				INFOPLIST_FILE = CHKLineChartKit/Info.plist;
				INSTALL_PATH = "$(LOCAL_LIBRARY_DIR)/Frameworks";
				IPHONEOS_DEPLOYMENT_TARGET = 8.0;
				LD_RUNPATH_SEARCH_PATHS = "$(inherited) @executable_path/Frameworks @loader_path/Frameworks";
				PRODUCT_BUNDLE_IDENTIFIER = top.blocktree.sdk.CHKLineChartKit;
				PRODUCT_NAME = "$(TARGET_NAME:c99extidentifier)";
				SKIP_INSTALL = YES;
				SWIFT_ACTIVE_COMPILATION_CONDITIONS = DEBUG;
				SWIFT_VERSION = 5.0;
				TARGETED_DEVICE_FAMILY = "1,2";
				VERSIONING_SYSTEM = "apple-generic";
				VERSION_INFO_PREFIX = "";
			};
			name = Debug;
		};
		C5F59EDA1FA883DF00AD85A2 /* Release */ = {
			isa = XCBuildConfiguration;
			buildSettings = {
				CLANG_ANALYZER_NUMBER_OBJECT_CONVERSION = YES_AGGRESSIVE;
				CLANG_CXX_LANGUAGE_STANDARD = "gnu++14";
				CLANG_WARN_BLOCK_CAPTURE_AUTORELEASING = YES;
				CLANG_WARN_COMMA = YES;
				CLANG_WARN_DOCUMENTATION_COMMENTS = YES;
				CLANG_WARN_NON_LITERAL_NULL_CONVERSION = YES;
				CLANG_WARN_OBJC_LITERAL_CONVERSION = YES;
				CLANG_WARN_RANGE_LOOP_ANALYSIS = YES;
				CLANG_WARN_STRICT_PROTOTYPES = YES;
				CLANG_WARN_UNGUARDED_AVAILABILITY = YES_AGGRESSIVE;
				CODE_SIGN_IDENTITY = "iPhone Developer";
				"CODE_SIGN_IDENTITY[sdk=iphoneos*]" = "";
				CODE_SIGN_STYLE = Automatic;
				CURRENT_PROJECT_VERSION = 1;
				DEFINES_MODULE = YES;
				DEVELOPMENT_TEAM = "";
				DYLIB_COMPATIBILITY_VERSION = 1;
				DYLIB_CURRENT_VERSION = 1;
				DYLIB_INSTALL_NAME_BASE = "@rpath";
				GCC_C_LANGUAGE_STANDARD = gnu11;
				INFOPLIST_FILE = CHKLineChartKit/Info.plist;
				INSTALL_PATH = "$(LOCAL_LIBRARY_DIR)/Frameworks";
				IPHONEOS_DEPLOYMENT_TARGET = 8.0;
				LD_RUNPATH_SEARCH_PATHS = "$(inherited) @executable_path/Frameworks @loader_path/Frameworks";
				PRODUCT_BUNDLE_IDENTIFIER = top.blocktree.sdk.CHKLineChartKit;
				PRODUCT_NAME = "$(TARGET_NAME:c99extidentifier)";
				SKIP_INSTALL = YES;
				SWIFT_VERSION = 5.0;
				TARGETED_DEVICE_FAMILY = "1,2";
				VERSIONING_SYSTEM = "apple-generic";
				VERSION_INFO_PREFIX = "";
			};
			name = Release;
		};
/* End XCBuildConfiguration section */

/* Begin XCConfigurationList section */
		C5E4E0521D76CC7E00C47F5A /* Build configuration list for PBXProject "CHKLineChart" */ = {
			isa = XCConfigurationList;
			buildConfigurations = (
				C5E4E0671D76CC7E00C47F5A /* Debug */,
				C5E4E0681D76CC7E00C47F5A /* Release */,
			);
			defaultConfigurationIsVisible = 0;
			defaultConfigurationName = Release;
		};
		C5F59EDB1FA883DF00AD85A2 /* Build configuration list for PBXNativeTarget "CHKLineChartKit" */ = {
			isa = XCConfigurationList;
			buildConfigurations = (
				C5F59ED91FA883DF00AD85A2 /* Debug */,
				C5F59EDA1FA883DF00AD85A2 /* Release */,
			);
			defaultConfigurationIsVisible = 0;
			defaultConfigurationName = Release;
		};
/* End XCConfigurationList section */
	};
	rootObject = C5E4E04F1D76CC7E00C47F5A /* Project object */;
}
