// !$*UTF8*$!
{
	archiveVersion = 1;
	classes = {
	};
	objectVersion = 46;
	objects = {

/* Begin PBXBuildFile section */
		39761FEC58C8E4F68174FA6C /* Pods_CHKLineChart.framework in Frameworks */ = {isa = PBXBuildFile; fileRef = 26A04E5DC2417C7350CB690A /* Pods_CHKLineChart.framework */; };
		C502BEF61F01168100E1BE8F /* CHDepthChartView.swift in Sources */ = {isa = PBXBuildFile; fileRef = C502BEF51F01168100E1BE8F /* CHDepthChartView.swift */; };
		C5158ED11EEE81850057A356 /* ChartStyles.swift in Sources */ = {isa = PBXBuildFile; fileRef = C5158ED01EEE81850057A356 /* ChartStyles.swift */; };
		C5382BEF1E178A67007CF836 /* CustomStyleViewController.swift in Sources */ = {isa = PBXBuildFile; fileRef = C5382BEE1E178A67007CF836 /* CustomStyleViewController.swift */; };
		C53B03581E1DEF8000174A7E /* StyleSettingViewController.swift in Sources */ = {isa = PBXBuildFile; fileRef = C53B03571E1DEF8000174A7E /* StyleSettingViewController.swift */; };
		C548699C1F18703D00D59F7A /* SectionHeaderView.swift in Sources */ = {isa = PBXBuildFile; fileRef = C548699B1F18703D00D59F7A /* SectionHeaderView.swift */; };
		C54926661D8923BB0074ACD2 /* CHChartAlgorithm.swift in Sources */ = {isa = PBXBuildFile; fileRef = C54926651D8923BB0074ACD2 /* CHChartAlgorithm.swift */; };
		C55355FD1EF7C84C00731DE8 /* ChartFullViewController.swift in Sources */ = {isa = PBXBuildFile; fileRef = C55355FC1EF7C84C00731DE8 /* ChartFullViewController.swift */; };
		C559F2591D80FC22002B1E57 /* CHExtension.swift in Sources */ = {isa = PBXBuildFile; fileRef = C559F2581D80FC22002B1E57 /* CHExtension.swift */; };
		C56F6E571D879941002320D2 /* CHSeries.swift in Sources */ = {isa = PBXBuildFile; fileRef = C56F6E561D879941002320D2 /* CHSeries.swift */; };
		C571876B1EFA425C002432E5 /* CHDynamicItem.swift in Sources */ = {isa = PBXBuildFile; fileRef = C571876A1EFA425C002432E5 /* CHDynamicItem.swift */; };
		C57654D71E30AA480080A095 /* README.md in Sources */ = {isa = PBXBuildFile; fileRef = C57654D61E30AA480080A095 /* README.md */; };
		C59B4D4C1D8F9E50007112EC /* ChartDemoViewController.swift in Sources */ = {isa = PBXBuildFile; fileRef = C59B4D4B1D8F9E50007112EC /* ChartDemoViewController.swift */; };
		C59DF3CE1D8FE3FD0085DA3D /* CHKLineChartStyle.swift in Sources */ = {isa = PBXBuildFile; fileRef = C59DF3CD1D8FE3FD0085DA3D /* CHKLineChartStyle.swift */; };
		C5B8F15E1EFB769F0082E969 /* CHChartImageGenerator.swift in Sources */ = {isa = PBXBuildFile; fileRef = C5B8F15D1EFB769F0082E969 /* CHChartImageGenerator.swift */; };
		C5B8F1601EFBA5C10082E969 /* ChartImageViewController.swift in Sources */ = {isa = PBXBuildFile; fileRef = C5B8F15F1EFBA5C10082E969 /* ChartImageViewController.swift */; };
		C5BF28A71EFE619300F524DB /* ChartInTableViewController.swift in Sources */ = {isa = PBXBuildFile; fileRef = C5BF28A61EFE619300F524DB /* ChartInTableViewController.swift */; };
		C5BF28AA1EFE632300F524DB /* KChartCell.swift in Sources */ = {isa = PBXBuildFile; fileRef = C5BF28A91EFE632300F524DB /* KChartCell.swift */; };
		C5C3C4CF1EEF96B000C1B696 /* ChartCustomDesignViewController.swift in Sources */ = {isa = PBXBuildFile; fileRef = C5C3C4CE1EEF96B000C1B696 /* ChartCustomDesignViewController.swift */; };
		C5E4E05B1D76CC7E00C47F5A /* AppDelegate.swift in Sources */ = {isa = PBXBuildFile; fileRef = C5E4E05A1D76CC7E00C47F5A /* AppDelegate.swift */; };
		C5E4E05D1D76CC7E00C47F5A /* DemoSelectViewController.swift in Sources */ = {isa = PBXBuildFile; fileRef = C5E4E05C1D76CC7E00C47F5A /* DemoSelectViewController.swift */; };
		C5E4E0601D76CC7E00C47F5A /* Main.storyboard in Resources */ = {isa = PBXBuildFile; fileRef = C5E4E05E1D76CC7E00C47F5A /* Main.storyboard */; };
		C5E4E0621D76CC7E00C47F5A /* Assets.xcassets in Resources */ = {isa = PBXBuildFile; fileRef = C5E4E0611D76CC7E00C47F5A /* Assets.xcassets */; };
		C5E4E0651D76CC7E00C47F5A /* LaunchScreen.storyboard in Resources */ = {isa = PBXBuildFile; fileRef = C5E4E0631D76CC7E00C47F5A /* LaunchScreen.storyboard */; };
		C5E4E06F1D76CF6200C47F5A /* CHSection.swift in Sources */ = {isa = PBXBuildFile; fileRef = C5E4E06E1D76CF6200C47F5A /* CHSection.swift */; };
		C5E4E0711D76D7F800C47F5A /* CHAxisModel.swift in Sources */ = {isa = PBXBuildFile; fileRef = C5E4E0701D76D7F800C47F5A /* CHAxisModel.swift */; };
		C5F03A771F021CD600872E09 /* DepthChartDemoViewController.swift in Sources */ = {isa = PBXBuildFile; fileRef = C5F03A761F021CD600872E09 /* DepthChartDemoViewController.swift */; };
		C5F03A791F024C3400872E09 /* depth.json in Resources */ = {isa = PBXBuildFile; fileRef = C5F03A781F024C3400872E09 /* depth.json */; };
		C5F138D81EFD42A800DCAEF6 /* CHShapeLayer.swift in Sources */ = {isa = PBXBuildFile; fileRef = C5F138D71EFD42A800DCAEF6 /* CHShapeLayer.swift */; };
		C5F6766E1D84E6A600E65F6F /* data.json in Resources */ = {isa = PBXBuildFile; fileRef = C5F6766D1D84E6A600E65F6F /* data.json */; };
		C5F700011D7EA94500622E60 /* CHChartModel.swift in Sources */ = {isa = PBXBuildFile; fileRef = C5F700001D7EA94500622E60 /* CHChartModel.swift */; };
		C5F7FFFB1D7EA57A00622E60 /* CHKLineChart.swift in Sources */ = {isa = PBXBuildFile; fileRef = C5F7FFFA1D7EA57A00622E60 /* CHKLineChart.swift */; };
		C5FA1F871D92400200271E36 /* CHKLineChart.podspec in Resources */ = {isa = PBXBuildFile; fileRef = C5FA1F861D92400200271E36 /* CHKLineChart.podspec */; };
/* End PBXBuildFile section */

/* Begin PBXFileReference section */
		26A04E5DC2417C7350CB690A /* Pods_CHKLineChart.framework */ = {isa = PBXFileReference; explicitFileType = wrapper.framework; includeInIndex = 0; path = Pods_CHKLineChart.framework; sourceTree = BUILT_PRODUCTS_DIR; };
		3999AEE1D8C13CBE0F47A12B /* Pods-CHKLineChart.release.xcconfig */ = {isa = PBXFileReference; includeInIndex = 1; lastKnownFileType = text.xcconfig; name = "Pods-CHKLineChart.release.xcconfig"; path = "Pods/Target Support Files/Pods-CHKLineChart/Pods-CHKLineChart.release.xcconfig"; sourceTree = "<group>"; };
		6349AF5F1FE2C1220C72A35B /* Pods-CHKLineChart.debug.xcconfig */ = {isa = PBXFileReference; includeInIndex = 1; lastKnownFileType = text.xcconfig; name = "Pods-CHKLineChart.debug.xcconfig"; path = "Pods/Target Support Files/Pods-CHKLineChart/Pods-CHKLineChart.debug.xcconfig"; sourceTree = "<group>"; };
		C502BEF51F01168100E1BE8F /* CHDepthChartView.swift */ = {isa = PBXFileReference; fileEncoding = 4; lastKnownFileType = sourcecode.swift; name = CHDepthChartView.swift; path = Classes/CHDepthChartView.swift; sourceTree = "<group>"; };
		C5158ED01EEE81850057A356 /* ChartStyles.swift */ = {isa = PBXFileReference; fileEncoding = 4; lastKnownFileType = sourcecode.swift; path = ChartStyles.swift; sourceTree = "<group>"; };
		C5382BEE1E178A67007CF836 /* CustomStyleViewController.swift */ = {isa = PBXFileReference; fileEncoding = 4; lastKnownFileType = sourcecode.swift; lineEnding = 0; path = CustomStyleViewController.swift; sourceTree = "<group>"; xcLanguageSpecificationIdentifier = xcode.lang.swift; };
		C53B03571E1DEF8000174A7E /* StyleSettingViewController.swift */ = {isa = PBXFileReference; fileEncoding = 4; lastKnownFileType = sourcecode.swift; lineEnding = 0; path = StyleSettingViewController.swift; sourceTree = "<group>"; xcLanguageSpecificationIdentifier = xcode.lang.swift; };
		C548699B1F18703D00D59F7A /* SectionHeaderView.swift */ = {isa = PBXFileReference; fileEncoding = 4; lastKnownFileType = sourcecode.swift; path = SectionHeaderView.swift; sourceTree = "<group>"; };
		C54926651D8923BB0074ACD2 /* CHChartAlgorithm.swift */ = {isa = PBXFileReference; fileEncoding = 4; lastKnownFileType = sourcecode.swift; lineEnding = 0; name = CHChartAlgorithm.swift; path = Classes/CHChartAlgorithm.swift; sourceTree = "<group>"; xcLanguageSpecificationIdentifier = xcode.lang.swift; };
		C55355FC1EF7C84C00731DE8 /* ChartFullViewController.swift */ = {isa = PBXFileReference; fileEncoding = 4; lastKnownFileType = sourcecode.swift; path = ChartFullViewController.swift; sourceTree = "<group>"; };
		C559F2581D80FC22002B1E57 /* CHExtension.swift */ = {isa = PBXFileReference; fileEncoding = 4; lastKnownFileType = sourcecode.swift; lineEnding = 0; name = CHExtension.swift; path = Classes/CHExtension.swift; sourceTree = "<group>"; xcLanguageSpecificationIdentifier = xcode.lang.swift; };
		C56F6E561D879941002320D2 /* CHSeries.swift */ = {isa = PBXFileReference; fileEncoding = 4; lastKnownFileType = sourcecode.swift; lineEnding = 0; name = CHSeries.swift; path = Classes/CHSeries.swift; sourceTree = "<group>"; xcLanguageSpecificationIdentifier = xcode.lang.swift; };
		C571876A1EFA425C002432E5 /* CHDynamicItem.swift */ = {isa = PBXFileReference; fileEncoding = 4; lastKnownFileType = sourcecode.swift; name = CHDynamicItem.swift; path = Classes/CHDynamicItem.swift; sourceTree = "<group>"; };
		C57654D61E30AA480080A095 /* README.md */ = {isa = PBXFileReference; fileEncoding = 4; lastKnownFileType = net.daringfireball.markdown; name = README.md; path = ../../README.md; sourceTree = "<group>"; };
		C59B4D4B1D8F9E50007112EC /* ChartDemoViewController.swift */ = {isa = PBXFileReference; fileEncoding = 4; lastKnownFileType = sourcecode.swift; lineEnding = 0; path = ChartDemoViewController.swift; sourceTree = "<group>"; xcLanguageSpecificationIdentifier = xcode.lang.swift; };
		C59DF3CD1D8FE3FD0085DA3D /* CHKLineChartStyle.swift */ = {isa = PBXFileReference; fileEncoding = 4; lastKnownFileType = sourcecode.swift; lineEnding = 0; name = CHKLineChartStyle.swift; path = Classes/CHKLineChartStyle.swift; sourceTree = "<group>"; xcLanguageSpecificationIdentifier = xcode.lang.swift; };
		C5B8F15D1EFB769F0082E969 /* CHChartImageGenerator.swift */ = {isa = PBXFileReference; fileEncoding = 4; lastKnownFileType = sourcecode.swift; name = CHChartImageGenerator.swift; path = Classes/CHChartImageGenerator.swift; sourceTree = "<group>"; };
		C5B8F15F1EFBA5C10082E969 /* ChartImageViewController.swift */ = {isa = PBXFileReference; fileEncoding = 4; lastKnownFileType = sourcecode.swift; path = ChartImageViewController.swift; sourceTree = "<group>"; };
		C5BF28A61EFE619300F524DB /* ChartInTableViewController.swift */ = {isa = PBXFileReference; fileEncoding = 4; lastKnownFileType = sourcecode.swift; path = ChartInTableViewController.swift; sourceTree = "<group>"; };
		C5BF28A91EFE632300F524DB /* KChartCell.swift */ = {isa = PBXFileReference; fileEncoding = 4; lastKnownFileType = sourcecode.swift; path = KChartCell.swift; sourceTree = "<group>"; };
		C5C3C4CE1EEF96B000C1B696 /* ChartCustomDesignViewController.swift */ = {isa = PBXFileReference; fileEncoding = 4; lastKnownFileType = sourcecode.swift; path = ChartCustomDesignViewController.swift; sourceTree = "<group>"; };
		C5E4E0571D76CC7E00C47F5A /* CHKLineChart.app */ = {isa = PBXFileReference; explicitFileType = wrapper.application; includeInIndex = 0; path = CHKLineChart.app; sourceTree = BUILT_PRODUCTS_DIR; };
		C5E4E05A1D76CC7E00C47F5A /* AppDelegate.swift */ = {isa = PBXFileReference; lastKnownFileType = sourcecode.swift; lineEnding = 0; path = AppDelegate.swift; sourceTree = "<group>"; xcLanguageSpecificationIdentifier = xcode.lang.swift; };
		C5E4E05C1D76CC7E00C47F5A /* DemoSelectViewController.swift */ = {isa = PBXFileReference; lastKnownFileType = sourcecode.swift; lineEnding = 0; path = DemoSelectViewController.swift; sourceTree = "<group>"; xcLanguageSpecificationIdentifier = xcode.lang.swift; };
		C5E4E05F1D76CC7E00C47F5A /* Base */ = {isa = PBXFileReference; lastKnownFileType = file.storyboard; name = Base; path = Base.lproj/Main.storyboard; sourceTree = "<group>"; };
		C5E4E0611D76CC7E00C47F5A /* Assets.xcassets */ = {isa = PBXFileReference; lastKnownFileType = folder.assetcatalog; path = Assets.xcassets; sourceTree = "<group>"; };
		C5E4E0641D76CC7E00C47F5A /* Base */ = {isa = PBXFileReference; lastKnownFileType = file.storyboard; name = Base; path = Base.lproj/LaunchScreen.storyboard; sourceTree = "<group>"; };
		C5E4E0661D76CC7E00C47F5A /* Info.plist */ = {isa = PBXFileReference; lastKnownFileType = text.plist.xml; path = Info.plist; sourceTree = "<group>"; };
		C5E4E06E1D76CF6200C47F5A /* CHSection.swift */ = {isa = PBXFileReference; fileEncoding = 4; lastKnownFileType = sourcecode.swift; lineEnding = 0; name = CHSection.swift; path = Classes/CHSection.swift; sourceTree = "<group>"; xcLanguageSpecificationIdentifier = xcode.lang.swift; };
		C5E4E0701D76D7F800C47F5A /* CHAxisModel.swift */ = {isa = PBXFileReference; fileEncoding = 4; lastKnownFileType = sourcecode.swift; lineEnding = 0; name = CHAxisModel.swift; path = Classes/CHAxisModel.swift; sourceTree = "<group>"; xcLanguageSpecificationIdentifier = xcode.lang.swift; };
		C5F03A761F021CD600872E09 /* DepthChartDemoViewController.swift */ = {isa = PBXFileReference; fileEncoding = 4; lastKnownFileType = sourcecode.swift; path = DepthChartDemoViewController.swift; sourceTree = "<group>"; };
		C5F03A781F024C3400872E09 /* depth.json */ = {isa = PBXFileReference; fileEncoding = 4; lastKnownFileType = text.json; path = depth.json; sourceTree = "<group>"; };
		C5F138D71EFD42A800DCAEF6 /* CHShapeLayer.swift */ = {isa = PBXFileReference; fileEncoding = 4; lastKnownFileType = sourcecode.swift; name = CHShapeLayer.swift; path = Classes/CHShapeLayer.swift; sourceTree = "<group>"; };
		C5F6766D1D84E6A600E65F6F /* data.json */ = {isa = PBXFileReference; fileEncoding = 4; lastKnownFileType = text.json; path = data.json; sourceTree = "<group>"; };
		C5F700001D7EA94500622E60 /* CHChartModel.swift */ = {isa = PBXFileReference; fileEncoding = 4; lastKnownFileType = sourcecode.swift; lineEnding = 0; name = CHChartModel.swift; path = Classes/CHChartModel.swift; sourceTree = "<group>"; xcLanguageSpecificationIdentifier = xcode.lang.swift; };
		C5F7FFFA1D7EA57A00622E60 /* CHKLineChart.swift */ = {isa = PBXFileReference; fileEncoding = 4; lastKnownFileType = sourcecode.swift; lineEnding = 0; name = CHKLineChart.swift; path = Classes/CHKLineChart.swift; sourceTree = "<group>"; xcLanguageSpecificationIdentifier = xcode.lang.swift; };
		C5FA1F861D92400200271E36 /* CHKLineChart.podspec */ = {isa = PBXFileReference; fileEncoding = 4; lastKnownFileType = text; name = CHKLineChart.podspec; path = ../../CHKLineChart.podspec; sourceTree = "<group>"; };
/* End PBXFileReference section */

/* Begin PBXFrameworksBuildPhase section */
		C5E4E0541D76CC7E00C47F5A /* Frameworks */ = {
			isa = PBXFrameworksBuildPhase;
			buildActionMask = 2147483647;
			files = (
				39761FEC58C8E4F68174FA6C /* Pods_CHKLineChart.framework in Frameworks */,
			);
			runOnlyForDeploymentPostprocessing = 0;
		};
/* End PBXFrameworksBuildPhase section */

/* Begin PBXGroup section */
		9BDF4CB112CA55CB5D3CFEC4 /* Frameworks */ = {
			isa = PBXGroup;
			children = (
				26A04E5DC2417C7350CB690A /* Pods_CHKLineChart.framework */,
			);
			name = Frameworks;
			sourceTree = "<group>";
		};
		C5BF28A81EFE61A400F524DB /* views */ = {
			isa = PBXGroup;
			children = (
				C5BF28A91EFE632300F524DB /* KChartCell.swift */,
				C548699B1F18703D00D59F7A /* SectionHeaderView.swift */,
			);
			name = views;
			sourceTree = "<group>";
		};
		C5E4E04E1D76CC7E00C47F5A = {
			isa = PBXGroup;
			children = (
				C5E4E0591D76CC7E00C47F5A /* CHKLineChart */,
				C5E4E0581D76CC7E00C47F5A /* Products */,
				CC4E30706B00673EF954C2FF /* Pods */,
				9BDF4CB112CA55CB5D3CFEC4 /* Frameworks */,
			);
			sourceTree = "<group>";
		};
		C5E4E0581D76CC7E00C47F5A /* Products */ = {
			isa = PBXGroup;
			children = (
				C5E4E0571D76CC7E00C47F5A /* CHKLineChart.app */,
			);
			name = Products;
			sourceTree = "<group>";
		};
		C5E4E0591D76CC7E00C47F5A /* CHKLineChart */ = {
			isa = PBXGroup;
			children = (
				C57654D61E30AA480080A095 /* README.md */,
				C5FA1F861D92400200271E36 /* CHKLineChart.podspec */,
				C5E4E06C1D76CCB400C47F5A /* Classes */,
				C5E4E06D1D76CCF800C47F5A /* Demo */,
				C5E4E05A1D76CC7E00C47F5A /* AppDelegate.swift */,
				C5E4E05E1D76CC7E00C47F5A /* Main.storyboard */,
				C5F03A781F024C3400872E09 /* depth.json */,
				C5F6766D1D84E6A600E65F6F /* data.json */,
				C5E4E0611D76CC7E00C47F5A /* Assets.xcassets */,
				C5E4E0631D76CC7E00C47F5A /* LaunchScreen.storyboard */,
				C5E4E0661D76CC7E00C47F5A /* Info.plist */,
			);
			path = CHKLineChart;
			sourceTree = "<group>";
		};
		C5E4E06C1D76CCB400C47F5A /* Classes */ = {
			isa = PBXGroup;
			children = (
				C5E4E06E1D76CF6200C47F5A /* CHSection.swift */,
				C5E4E0701D76D7F800C47F5A /* CHAxisModel.swift */,
				C5F7FFFA1D7EA57A00622E60 /* CHKLineChart.swift */,
				C5F700001D7EA94500622E60 /* CHChartModel.swift */,
				C559F2581D80FC22002B1E57 /* CHExtension.swift */,
				C56F6E561D879941002320D2 /* CHSeries.swift */,
				C54926651D8923BB0074ACD2 /* CHChartAlgorithm.swift */,
				C59DF3CD1D8FE3FD0085DA3D /* CHKLineChartStyle.swift */,
				C571876A1EFA425C002432E5 /* CHDynamicItem.swift */,
				C5F138D71EFD42A800DCAEF6 /* CHShapeLayer.swift */,
				C502BEF51F01168100E1BE8F /* CHDepthChartView.swift */,
			);
			name = Classes;
			sourceTree = "<group>";
		};
		C5E4E06D1D76CCF800C47F5A /* Demo */ = {
			isa = PBXGroup;
			children = (
				C5BF28A81EFE61A400F524DB /* views */,
				C5E4E05C1D76CC7E00C47F5A /* DemoSelectViewController.swift */,
				C59B4D4B1D8F9E50007112EC /* ChartDemoViewController.swift */,
				C5382BEE1E178A67007CF836 /* CustomStyleViewController.swift */,
				C53B03571E1DEF8000174A7E /* StyleSettingViewController.swift */,
				C5C3C4CE1EEF96B000C1B696 /* ChartCustomDesignViewController.swift */,
				C55355FC1EF7C84C00731DE8 /* ChartFullViewController.swift */,
				C5158ED01EEE81850057A356 /* ChartStyles.swift */,
				C5B8F15D1EFB769F0082E969 /* CHChartImageGenerator.swift */,
				C5B8F15F1EFBA5C10082E969 /* ChartImageViewController.swift */,
				C5BF28A61EFE619300F524DB /* ChartInTableViewController.swift */,
				C5F03A761F021CD600872E09 /* DepthChartDemoViewController.swift */,
			);
			name = Demo;
			sourceTree = "<group>";
		};
		CC4E30706B00673EF954C2FF /* Pods */ = {
			isa = PBXGroup;
			children = (
				6349AF5F1FE2C1220C72A35B /* Pods-CHKLineChart.debug.xcconfig */,
				3999AEE1D8C13CBE0F47A12B /* Pods-CHKLineChart.release.xcconfig */,
			);
			name = Pods;
			sourceTree = "<group>";
		};
/* End PBXGroup section */

/* Begin PBXNativeTarget section */
		C5E4E0561D76CC7E00C47F5A /* CHKLineChart */ = {
			isa = PBXNativeTarget;
			buildConfigurationList = C5E4E0691D76CC7E00C47F5A /* Build configuration list for PBXNativeTarget "CHKLineChart" */;
			buildPhases = (
				73C6277D48030B32869A24CA /* [CP] Check Pods Manifest.lock */,
				C5E4E0531D76CC7E00C47F5A /* Sources */,
				C5E4E0541D76CC7E00C47F5A /* Frameworks */,
				C5E4E0551D76CC7E00C47F5A /* Resources */,
				40B7F8FB3346993AF4CF406A /* [CP] Embed Pods Frameworks */,
				1F90C3236FB8C07FBC6D1D7F /* [CP] Copy Pods Resources */,
			);
			buildRules = (
			);
			dependencies = (
			);
			name = CHKLineChart;
			productName = CHKLineChart;
			productReference = C5E4E0571D76CC7E00C47F5A /* CHKLineChart.app */;
			productType = "com.apple.product-type.application";
		};
/* End PBXNativeTarget section */

/* Begin PBXProject section */
		C5E4E04F1D76CC7E00C47F5A /* Project object */ = {
			isa = PBXProject;
			attributes = {
				LastSwiftUpdateCheck = 0730;
				LastUpgradeCheck = 0800;
				ORGANIZATIONNAME = bitbank;
				TargetAttributes = {
					C5E4E0561D76CC7E00C47F5A = {
						CreatedOnToolsVersion = 7.3.1;
						DevelopmentTeam = 2M2W6LSE6S;
						LastSwiftMigration = 0800;
					};
				};
			};
			buildConfigurationList = C5E4E0521D76CC7E00C47F5A /* Build configuration list for PBXProject "CHKLineChart" */;
			compatibilityVersion = "Xcode 3.2";
			developmentRegion = English;
			hasScannedForEncodings = 0;
			knownRegions = (
				en,
				Base,
			);
			mainGroup = C5E4E04E1D76CC7E00C47F5A;
			productRefGroup = C5E4E0581D76CC7E00C47F5A /* Products */;
			projectDirPath = "";
			projectRoot = "";
			targets = (
				C5E4E0561D76CC7E00C47F5A /* CHKLineChart */,
			);
		};
/* End PBXProject section */

/* Begin PBXResourcesBuildPhase section */
		C5E4E0551D76CC7E00C47F5A /* Resources */ = {
			isa = PBXResourcesBuildPhase;
			buildActionMask = 2147483647;
			files = (
				C5E4E0651D76CC7E00C47F5A /* LaunchScreen.storyboard in Resources */,
				C5F03A791F024C3400872E09 /* depth.json in Resources */,
				C5FA1F871D92400200271E36 /* CHKLineChart.podspec in Resources */,
				C5E4E0621D76CC7E00C47F5A /* Assets.xcassets in Resources */,
				C5E4E0601D76CC7E00C47F5A /* Main.storyboard in Resources */,
				C5F6766E1D84E6A600E65F6F /* data.json in Resources */,
			);
			runOnlyForDeploymentPostprocessing = 0;
		};
/* End PBXResourcesBuildPhase section */

/* Begin PBXShellScriptBuildPhase section */
		1F90C3236FB8C07FBC6D1D7F /* [CP] Copy Pods Resources */ = {
			isa = PBXShellScriptBuildPhase;
			buildActionMask = 2147483647;
			files = (
			);
			inputPaths = (
			);
			name = "[CP] Copy Pods Resources";
			outputPaths = (
			);
			runOnlyForDeploymentPostprocessing = 0;
			shellPath = /bin/sh;
			shellScript = "\"${SRCROOT}/Pods/Target Support Files/Pods-CHKLineChart/Pods-CHKLineChart-resources.sh\"\n";
			showEnvVarsInLog = 0;
		};
		40B7F8FB3346993AF4CF406A /* [CP] Embed Pods Frameworks */ = {
			isa = PBXShellScriptBuildPhase;
			buildActionMask = 2147483647;
			files = (
			);
			inputPaths = (
			);
			name = "[CP] Embed Pods Frameworks";
			outputPaths = (
			);
			runOnlyForDeploymentPostprocessing = 0;
			shellPath = /bin/sh;
			shellScript = "\"${SRCROOT}/Pods/Target Support Files/Pods-CHKLineChart/Pods-CHKLineChart-frameworks.sh\"\n";
			showEnvVarsInLog = 0;
		};
		73C6277D48030B32869A24CA /* [CP] Check Pods Manifest.lock */ = {
			isa = PBXShellScriptBuildPhase;
			buildActionMask = 2147483647;
			files = (
			);
			inputPaths = (
			);
			name = "[CP] Check Pods Manifest.lock";
			outputPaths = (
			);
			runOnlyForDeploymentPostprocessing = 0;
			shellPath = /bin/sh;
			shellScript = "diff \"${PODS_PODFILE_DIR_PATH}/Podfile.lock\" \"${PODS_ROOT}/Manifest.lock\" > /dev/null\nif [ $? != 0 ] ; then\n    # print error to STDERR\n    echo \"error: The sandbox is not in sync with the Podfile.lock. Run 'pod install' or update your CocoaPods installation.\" >&2\n    exit 1\nfi\n";
			showEnvVarsInLog = 0;
		};
/* End PBXShellScriptBuildPhase section */

/* Begin PBXSourcesBuildPhase section */
		C5E4E0531D76CC7E00C47F5A /* Sources */ = {
			isa = PBXSourcesBuildPhase;
			buildActionMask = 2147483647;
			files = (
				C5F138D81EFD42A800DCAEF6 /* CHShapeLayer.swift in Sources */,
				C5158ED11EEE81850057A356 /* ChartStyles.swift in Sources */,
				C5E4E0711D76D7F800C47F5A /* CHAxisModel.swift in Sources */,
				C5C3C4CF1EEF96B000C1B696 /* ChartCustomDesignViewController.swift in Sources */,
				C59DF3CE1D8FE3FD0085DA3D /* CHKLineChartStyle.swift in Sources */,
				C5E4E06F1D76CF6200C47F5A /* CHSection.swift in Sources */,
				C5BF28A71EFE619300F524DB /* ChartInTableViewController.swift in Sources */,
				C571876B1EFA425C002432E5 /* CHDynamicItem.swift in Sources */,
				C59B4D4C1D8F9E50007112EC /* ChartDemoViewController.swift in Sources */,
				C5E4E05D1D76CC7E00C47F5A /* DemoSelectViewController.swift in Sources */,
				C5382BEF1E178A67007CF836 /* CustomStyleViewController.swift in Sources */,
				C559F2591D80FC22002B1E57 /* CHExtension.swift in Sources */,
				C5F700011D7EA94500622E60 /* CHChartModel.swift in Sources */,
				C55355FD1EF7C84C00731DE8 /* ChartFullViewController.swift in Sources */,
				C5BF28AA1EFE632300F524DB /* KChartCell.swift in Sources */,
				C548699C1F18703D00D59F7A /* SectionHeaderView.swift in Sources */,
				C5E4E05B1D76CC7E00C47F5A /* AppDelegate.swift in Sources */,
				C5B8F1601EFBA5C10082E969 /* ChartImageViewController.swift in Sources */,
				C5B8F15E1EFB769F0082E969 /* CHChartImageGenerator.swift in Sources */,
				C53B03581E1DEF8000174A7E /* StyleSettingViewController.swift in Sources */,
				C57654D71E30AA480080A095 /* README.md in Sources */,
				C5F7FFFB1D7EA57A00622E60 /* CHKLineChart.swift in Sources */,
				C5F03A771F021CD600872E09 /* DepthChartDemoViewController.swift in Sources */,
				C502BEF61F01168100E1BE8F /* CHDepthChartView.swift in Sources */,
				C54926661D8923BB0074ACD2 /* CHChartAlgorithm.swift in Sources */,
				C56F6E571D879941002320D2 /* CHSeries.swift in Sources */,
			);
			runOnlyForDeploymentPostprocessing = 0;
		};
/* End PBXSourcesBuildPhase section */

/* Begin PBXVariantGroup section */
		C5E4E05E1D76CC7E00C47F5A /* Main.storyboard */ = {
			isa = PBXVariantGroup;
			children = (
				C5E4E05F1D76CC7E00C47F5A /* Base */,
			);
			name = Main.storyboard;
			sourceTree = "<group>";
		};
		C5E4E0631D76CC7E00C47F5A /* LaunchScreen.storyboard */ = {
			isa = PBXVariantGroup;
			children = (
				C5E4E0641D76CC7E00C47F5A /* Base */,
			);
			name = LaunchScreen.storyboard;
			sourceTree = "<group>";
		};
/* End PBXVariantGroup section */

/* Begin XCBuildConfiguration section */
		C5E4E0671D76CC7E00C47F5A /* Debug */ = {
			isa = XCBuildConfiguration;
			buildSettings = {
				ALWAYS_SEARCH_USER_PATHS = NO;
				CLANG_ANALYZER_NONNULL = YES;
				CLANG_CXX_LANGUAGE_STANDARD = "gnu++0x";
				CLANG_CXX_LIBRARY = "libc++";
				CLANG_ENABLE_MODULES = YES;
				CLANG_ENABLE_OBJC_ARC = YES;
				CLANG_WARN_BOOL_CONVERSION = YES;
				CLANG_WARN_CONSTANT_CONVERSION = YES;
				CLANG_WARN_DIRECT_OBJC_ISA_USAGE = YES_ERROR;
				CLANG_WARN_EMPTY_BODY = YES;
				CLANG_WARN_ENUM_CONVERSION = YES;
				CLANG_WARN_INFINITE_RECURSION = YES;
				CLANG_WARN_INT_CONVERSION = YES;
				CLANG_WARN_OBJC_ROOT_CLASS = YES_ERROR;
				CLANG_WARN_SUSPICIOUS_MOVE = YES;
				CLANG_WARN_UNREACHABLE_CODE = YES;
				CLANG_WARN__DUPLICATE_METHOD_MATCH = YES;
				"CODE_SIGN_IDENTITY[sdk=iphoneos*]" = "iPhone Developer";
				COPY_PHASE_STRIP = NO;
				DEBUG_INFORMATION_FORMAT = dwarf;
				ENABLE_STRICT_OBJC_MSGSEND = YES;
				ENABLE_TESTABILITY = YES;
				GCC_C_LANGUAGE_STANDARD = gnu99;
				GCC_DYNAMIC_NO_PIC = NO;
				GCC_NO_COMMON_BLOCKS = YES;
				GCC_OPTIMIZATION_LEVEL = 0;
				GCC_PREPROCESSOR_DEFINITIONS = (
					"DEBUG=1",
					"$(inherited)",
				);
				GCC_WARN_64_TO_32_BIT_CONVERSION = YES;
				GCC_WARN_ABOUT_RETURN_TYPE = YES_ERROR;
				GCC_WARN_UNDECLARED_SELECTOR = YES;
				GCC_WARN_UNINITIALIZED_AUTOS = YES_AGGRESSIVE;
				GCC_WARN_UNUSED_FUNCTION = YES;
				GCC_WARN_UNUSED_VARIABLE = YES;
				IPHONEOS_DEPLOYMENT_TARGET = 8.0;
				MTL_ENABLE_DEBUG_INFO = YES;
				ONLY_ACTIVE_ARCH = YES;
				SDKROOT = iphoneos;
				SWIFT_OPTIMIZATION_LEVEL = "-Onone";
				TARGETED_DEVICE_FAMILY = "1,2";
			};
			name = Debug;
		};
		C5E4E0681D76CC7E00C47F5A /* Release */ = {
			isa = XCBuildConfiguration;
			buildSettings = {
				ALWAYS_SEARCH_USER_PATHS = NO;
				CLANG_ANALYZER_NONNULL = YES;
				CLANG_CXX_LANGUAGE_STANDARD = "gnu++0x";
				CLANG_CXX_LIBRARY = "libc++";
				CLANG_ENABLE_MODULES = YES;
				CLANG_ENABLE_OBJC_ARC = YES;
				CLANG_WARN_BOOL_CONVERSION = YES;
				CLANG_WARN_CONSTANT_CONVERSION = YES;
				CLANG_WARN_DIRECT_OBJC_ISA_USAGE = YES_ERROR;
				CLANG_WARN_EMPTY_BODY = YES;
				CLANG_WARN_ENUM_CONVERSION = YES;
				CLANG_WARN_INFINITE_RECURSION = YES;
				CLANG_WARN_INT_CONVERSION = YES;
				CLANG_WARN_OBJC_ROOT_CLASS = YES_ERROR;
				CLANG_WARN_SUSPICIOUS_MOVE = YES;
				CLANG_WARN_UNREACHABLE_CODE = YES;
				CLANG_WARN__DUPLICATE_METHOD_MATCH = YES;
				"CODE_SIGN_IDENTITY[sdk=iphoneos*]" = "iPhone Developer";
				COPY_PHASE_STRIP = NO;
				DEBUG_INFORMATION_FORMAT = "dwarf-with-dsym";
				ENABLE_NS_ASSERTIONS = NO;
				ENABLE_STRICT_OBJC_MSGSEND = YES;
				GCC_C_LANGUAGE_STANDARD = gnu99;
				GCC_NO_COMMON_BLOCKS = YES;
				GCC_WARN_64_TO_32_BIT_CONVERSION = YES;
				GCC_WARN_ABOUT_RETURN_TYPE = YES_ERROR;
				GCC_WARN_UNDECLARED_SELECTOR = YES;
				GCC_WARN_UNINITIALIZED_AUTOS = YES_AGGRESSIVE;
				GCC_WARN_UNUSED_FUNCTION = YES;
				GCC_WARN_UNUSED_VARIABLE = YES;
				IPHONEOS_DEPLOYMENT_TARGET = 8.0;
				MTL_ENABLE_DEBUG_INFO = NO;
				SDKROOT = iphoneos;
				SWIFT_OPTIMIZATION_LEVEL = "-Owholemodule";
				TARGETED_DEVICE_FAMILY = "1,2";
				VALIDATE_PRODUCT = YES;
			};
			name = Release;
		};
		C5E4E06A1D76CC7E00C47F5A /* Debug */ = {
			isa = XCBuildConfiguration;
			baseConfigurationReference = 6349AF5F1FE2C1220C72A35B /* Pods-CHKLineChart.debug.xcconfig */;
			buildSettings = {
				ASSETCATALOG_COMPILER_APPICON_NAME = AppIcon;
				DEVELOPMENT_TEAM = 2M2W6LSE6S;
				INFOPLIST_FILE = CHKLineChart/Info.plist;
				LD_RUNPATH_SEARCH_PATHS = "$(inherited) @executable_path/Frameworks";
				PRODUCT_BUNDLE_IDENTIFIER = com.bitbank.app.CHKLineChart;
				PRODUCT_NAME = "$(TARGET_NAME)";
				SWIFT_VERSION = 3.0;
			};
			name = Debug;
		};
		C5E4E06B1D76CC7E00C47F5A /* Release */ = {
			isa = XCBuildConfiguration;
			baseConfigurationReference = 3999AEE1D8C13CBE0F47A12B /* Pods-CHKLineChart.release.xcconfig */;
			buildSettings = {
				ASSETCATALOG_COMPILER_APPICON_NAME = AppIcon;
				DEVELOPMENT_TEAM = 2M2W6LSE6S;
				INFOPLIST_FILE = CHKLineChart/Info.plist;
				LD_RUNPATH_SEARCH_PATHS = "$(inherited) @executable_path/Frameworks";
				PRODUCT_BUNDLE_IDENTIFIER = com.bitbank.app.CHKLineChart;
				PRODUCT_NAME = "$(TARGET_NAME)";
				SWIFT_VERSION = 3.0;
			};
			name = Release;
		};
/* End XCBuildConfiguration section */

/* Begin XCConfigurationList section */
		C5E4E0521D76CC7E00C47F5A /* Build configuration list for PBXProject "CHKLineChart" */ = {
			isa = XCConfigurationList;
			buildConfigurations = (
				C5E4E0671D76CC7E00C47F5A /* Debug */,
				C5E4E0681D76CC7E00C47F5A /* Release */,
			);
			defaultConfigurationIsVisible = 0;
			defaultConfigurationName = Release;
		};
		C5E4E0691D76CC7E00C47F5A /* Build configuration list for PBXNativeTarget "CHKLineChart" */ = {
			isa = XCConfigurationList;
			buildConfigurations = (
				C5E4E06A1D76CC7E00C47F5A /* Debug */,
				C5E4E06B1D76CC7E00C47F5A /* Release */,
			);
			defaultConfigurationIsVisible = 0;
			defaultConfigurationName = Release;
		};
/* End XCConfigurationList section */
	};
	rootObject = C5E4E04F1D76CC7E00C47F5A /* Project object */;
}
